
Microsoft Visual Studio Solution File, Format Version 12.00
# Visual Studio Version 16
VisualStudioVersion = 16.0.31205.134
MinimumVisualStudioVersion = 10.0.40219.1
Project("{FAE04EC0-301F-11D3-BF4B-00C04F79EFBC}") = "WpfApp_basics", "WpfApp\WpfApp_basics.csproj", "{7335A8C2-EADB-408B-A4C1-B4221764F0F9}"
EndProject
Project("{2150E333-8FDC-42A3-9474-1A3956D46DE8}") = "Solution Items", "Solution Items", "{CE27551B-74C3-45D0-80E3-86D415FC299F}"
	ProjectSection(SolutionItems) = preProject
		C:\Users\mbanta\Downloads\README.md = C:\Users\mbanta\Downloads\README.md
	EndProjectSection
EndProject
Project("{FAE04EC0-301F-11D3-BF4B-00C04F79EFBC}") = "TaskCancellationProject", "TaskCancellationProject\TaskCancellationProject.csproj", "{2CB3C433-0843-4449-9F24-E16442220BAA}"
EndProject
Project("{FAE04EC0-301F-11D3-BF4B-00C04F79EFBC}") = "AsyncVoidIsBad", "AsyncVoidIsBad\AsyncVoidIsBad.csproj", "{7B34D72C-5C06-4159-BCE9-38551BC00BD6}"
EndProject
Project("{FAE04EC0-301F-11D3-BF4B-00C04F79EFBC}") = "UnitTestingInAsyncAwait", "UnitTestingInAsyncAwait\UnitTestingInAsyncAwait.csproj", "{11A86B49-258D-48B0-9C2B-99AE07A8910F}"
EndProject
Project("{FAE04EC0-301F-11D3-BF4B-00C04F79EFBC}") = "WpfApp_AyncDashboardExample", "WpfApp_AyncDashboardExample\WpfApp_AyncDashboardExample.csproj", "{FE7B3950-F9D3-4132-A89A-47B2DEEBF113}"
EndProject
Global
	GlobalSection(SolutionConfigurationPlatforms) = preSolution
		Debug|Any CPU = Debug|Any CPU
		Release|Any CPU = Release|Any CPU
	EndGlobalSection
	GlobalSection(ProjectConfigurationPlatforms) = postSolution
		{7335A8C2-EADB-408B-A4C1-B4221764F0F9}.Debug|Any CPU.ActiveCfg = Debug|Any CPU
		{7335A8C2-EADB-408B-A4C1-B4221764F0F9}.Debug|Any CPU.Build.0 = Debug|Any CPU
		{7335A8C2-EADB-408B-A4C1-B4221764F0F9}.Release|Any CPU.ActiveCfg = Release|Any CPU
		{7335A8C2-EADB-408B-A4C1-B4221764F0F9}.Release|Any CPU.Build.0 = Release|Any CPU
		{2CB3C433-0843-4449-9F24-E16442220BAA}.Debug|Any CPU.ActiveCfg = Debug|Any CPU
		{2CB3C433-0843-4449-9F24-E16442220BAA}.Debug|Any CPU.Build.0 = Debug|Any CPU
		{2CB3C433-0843-4449-9F24-E16442220BAA}.Release|Any CPU.ActiveCfg = Release|Any CPU
		{2CB3C433-0843-4449-9F24-E16442220BAA}.Release|Any CPU.Build.0 = Release|Any CPU
		{7B34D72C-5C06-4159-BCE9-38551BC00BD6}.Debug|Any CPU.ActiveCfg = Debug|Any CPU
		{7B34D72C-5C06-4159-BCE9-38551BC00BD6}.Debug|Any CPU.Build.0 = Debug|Any CPU
		{7B34D72C-5C06-4159-BCE9-38551BC00BD6}.Release|Any CPU.ActiveCfg = Release|Any CPU
		{7B34D72C-5C06-4159-BCE9-38551BC00BD6}.Release|Any CPU.Build.0 = Release|Any CPU
		{11A86B49-258D-48B0-9C2B-99AE07A8910F}.Debug|Any CPU.ActiveCfg = Debug|Any CPU
		{11A86B49-258D-48B0-9C2B-99AE07A8910F}.Debug|Any CPU.Build.0 = Debug|Any CPU
		{11A86B49-258D-48B0-9C2B-99AE07A8910F}.Release|Any CPU.ActiveCfg = Release|Any CPU
		{11A86B49-258D-48B0-9C2B-99AE07A8910F}.Release|Any CPU.Build.0 = Release|Any CPU
		{FE7B3950-F9D3-4132-A89A-47B2DEEBF113}.Debug|Any CPU.ActiveCfg = Debug|Any CPU
		{FE7B3950-F9D3-4132-A89A-47B2DEEBF113}.Debug|Any CPU.Build.0 = Debug|Any CPU
		{FE7B3950-F9D3-4132-A89A-47B2DEEBF113}.Release|Any CPU.ActiveCfg = Release|Any CPU
		{FE7B3950-F9D3-4132-A89A-47B2DEEBF113}.Release|Any CPU.Build.0 = Release|Any CPU
	EndGlobalSection
	GlobalSection(SolutionProperties) = preSolution
		HideSolutionNode = FALSE
	EndGlobalSection
	GlobalSection(ExtensibilityGlobals) = postSolution
		SolutionGuid = {1E618DA2-DD5B-4CB9-AF0A-056F96C1464B}
	EndGlobalSection
EndGlobal
